
Microsoft Visual Studio Solution File, Format Version 12.00
# Visual Studio Version 17
VisualStudioVersion = 17.12.35514.174
MinimumVisualStudioVersion = 10.0.40219.1
Project("{FAE04EC0-301F-11D3-BF4B-00C04F79EFBC}") = "WebApplication1", "WebApplication1\WebApplication1.csproj", "{71E5710D-14A9-49C8-83B0-2DA83D3B9A7A}"
EndProject
Project("{FAE04EC0-301F-11D3-BF4B-00C04F79EFBC}") = "Web.DomainLayer", "web.DomainLayer\Web.DomainLayer.csproj", "{E6C80BEC-8748-43D5-AB05-4902D7827007}"
EndProject
Project("{FAE04EC0-301F-11D3-BF4B-00C04F79EFBC}") = "Web.ApplicationLayer", "Web.ApplicationLayer\Web.ApplicationLayer.csproj", "{B56CBDCA-0080-4444-B42D-64E026F7FD75}"
EndProject
Global
	GlobalSection(SolutionConfigurationPlatforms) = preSolution
		Debug|Any CPU = Debug|Any CPU
		Release|Any CPU = Release|Any CPU
	EndGlobalSection
	GlobalSection(ProjectConfigurationPlatforms) = postSolution
		{71E5710D-14A9-49C8-83B0-2DA83D3B9A7A}.Debug|Any CPU.ActiveCfg = Debug|Any CPU
		{71E5710D-14A9-49C8-83B0-2DA83D3B9A7A}.Debug|Any CPU.Build.0 = Debug|Any CPU
		{71E5710D-14A9-49C8-83B0-2DA83D3B9A7A}.Release|Any CPU.ActiveCfg = Release|Any CPU
		{71E5710D-14A9-49C8-83B0-2DA83D3B9A7A}.Release|Any CPU.Build.0 = Release|Any CPU
		{E6C80BEC-8748-43D5-AB05-4902D7827007}.Debug|Any CPU.ActiveCfg = Debug|Any CPU
		{E6C80BEC-8748-43D5-AB05-4902D7827007}.Debug|Any CPU.Build.0 = Debug|Any CPU
		{E6C80BEC-8748-43D5-AB05-4902D7827007}.Release|Any CPU.ActiveCfg = Release|Any CPU
		{E6C80BEC-8748-43D5-AB05-4902D7827007}.Release|Any CPU.Build.0 = Release|Any CPU
		{B56CBDCA-0080-4444-B42D-64E026F7FD75}.Debug|Any CPU.ActiveCfg = Debug|Any CPU
		{B56CBDCA-0080-4444-B42D-64E026F7FD75}.Debug|Any CPU.Build.0 = Debug|Any CPU
		{B56CBDCA-0080-4444-B42D-64E026F7FD75}.Release|Any CPU.ActiveCfg = Release|Any CPU
		{B56CBDCA-0080-4444-B42D-64E026F7FD75}.Release|Any CPU.Build.0 = Release|Any CPU
	EndGlobalSection
	GlobalSection(SolutionProperties) = preSolution
		HideSolutionNode = FALSE
	EndGlobalSection
EndGlobal
